# THIS IS AN AUTOGENERATED FILE. DO NOT EDIT THIS FILE DIRECTLY.
# yarn lockfile v1


"@dcloudio/uni-ui@^1.4.28":
  version "1.4.28"
  resolved "https://registry.npmmirror.com/@dcloudio/uni-ui/-/uni-ui-1.4.28.tgz#557a84b53722937126aff72d1ab4b56741d11937"
  integrity sha512-e/lSbvR79KH9+d3D4ueNbvD6szigjO/5IyjBNmiTqaj0PTS324fBV3L6f3s1qpkYonM4rdOl000hVOcAg6Gh/A==

"@intlify/core-base@9.8.0":
  version "9.8.0"
  resolved "https://registry.npmmirror.com/@intlify/core-base/-/core-base-9.8.0.tgz#969ca59f55084e23e968ec0bfe71678774e568ec"
  integrity sha512-UxaSZVZ1DwqC/CltUZrWZNaWNhfmKtfyV4BJSt/Zt4Or/fZs1iFj0B+OekYk1+MRHfIOe3+x00uXGQI4PbO/9g==
  dependencies:
    "@intlify/message-compiler" "9.8.0"
    "@intlify/shared" "9.8.0"

"@intlify/message-compiler@9.8.0":
  version "9.8.0"
  resolved "https://registry.npmmirror.com/@intlify/message-compiler/-/message-compiler-9.8.0.tgz#587d69b302f9b8130a4a949b0ab4add519761787"
  integrity sha512-McnYWhcoYmDJvssVu6QGR0shqlkJuL1HHdi5lK7fNqvQqRYaQ4lSLjYmZxwc8tRNMdIe9/KUKfyPxU9M6yCtNQ==
  dependencies:
    "@intlify/shared" "9.8.0"
    source-map-js "^1.0.2"

"@intlify/shared@9.8.0":
  version "9.8.0"
  resolved "https://registry.npmmirror.com/@intlify/shared/-/shared-9.8.0.tgz#62adf8f6ef67c8eba6cf8d521e248f3503f237d3"
  integrity sha512-TmgR0RCLjzrSo+W3wT0ALf9851iFMlVI9EYNGeWvZFUQTAJx0bvfsMlPdgVtV1tDNRiAfhkFsMKu6jtUY1ZLKQ==

"@vue/devtools-api@^6.5.0":
  version "6.5.1"
  resolved "https://registry.npmmirror.com/@vue/devtools-api/-/devtools-api-6.5.1.tgz#7f71f31e40973eeee65b9a64382b13593fdbd697"
  integrity sha512-+KpckaAQyfbvshdDW5xQylLni1asvNSGme1JFs8I1+/H5pHEhqUKMEQD/qn3Nx5+/nycBq11qAEi8lk+LXI2dA==

source-map-js@^1.0.2:
  version "1.0.2"
  resolved "https://registry.npmmirror.com/source-map-js/-/source-map-js-1.0.2.tgz#adbc361d9c62df380125e7f161f71c826f1e490c"
  integrity sha512-R0XvVJ9WusLiqTCEiGCmICCMplcCkIwwR11mOSD9CR5u+IXYdiseeEuXCVAjS54zqwkLcPNnmU4OeJ6tUrWhDw==

vue-i18n@^9.8.0:
  version "9.8.0"
  resolved "https://registry.npmmirror.com/vue-i18n/-/vue-i18n-9.8.0.tgz#54339daf377a31b234b027c5158e774728b6bc24"
  integrity sha512-Izho+6PYjejsTq2mzjcRdBZ5VLRQoSuuexvR8029h5CpN03FYqiqBrShMyf2I1DKkN6kw/xmujcbvC+4QybpsQ==
  dependencies:
    "@intlify/core-base" "9.8.0"
    "@intlify/shared" "9.8.0"
    "@vue/devtools-api" "^6.5.0"
